
Microsoft Visual Studio Solution File, Format Version 12.00
# Visual Studio Version 17
VisualStudioVersion = 17.5.33502.453
MinimumVisualStudioVersion = 10.0.40219.1
Project("{FAE04EC0-301F-11D3-BF4B-00C04F79EFBC}") = "SendMessage", "SendMessage\SendMessage.csproj", "{23CD9A4B-4DC8-4B98-8F30-8D86A471083D}"
EndProject
Global
	GlobalSection(SolutionConfigurationPlatforms) = preSolution
		Debug|Any CPU = Debug|Any CPU
		Release|Any CPU = Release|Any CPU
	EndGlobalSection
	GlobalSection(ProjectConfigurationPlatforms) = postSolution
		{23CD9A4B-4DC8-4B98-8F30-8D86A471083D}.Debug|Any CPU.ActiveCfg = Debug|Any CPU
		{23CD9A4B-4DC8-4B98-8F30-8D86A471083D}.Debug|Any CPU.Build.0 = Debug|Any CPU
		{23CD9A4B-4DC8-4B98-8F30-8D86A471083D}.Release|Any CPU.ActiveCfg = Release|Any CPU
		{23CD9A4B-4DC8-4B98-8F30-8D86A471083D}.Release|Any CPU.Build.0 = Release|Any CPU
	EndGlobalSection
	GlobalSection(SolutionProperties) = preSolution
		HideSolutionNode = FALSE
	EndGlobalSection
	GlobalSection(ExtensibilityGlobals) = postSolution
		SolutionGuid = {81CBD14A-C093-4705-AB62-7916586C2F08}
	EndGlobalSection
EndGlobal
